
Microsoft Visual Studio Solution File, Format Version 12.00
# Visual Studio Version 16
VisualStudioVersion = 16.0.30717.126
MinimumVisualStudioVersion = 10.0.40219.1
Project("{9A19103F-16F7-4668-BE54-9A1E7A4F7556}") = "MediatRDemo2", "MediatRDemo2\MediatRDemo2.csproj", "{4D6443E4-2726-460C-A586-2627DC0E841C}"
EndProject
Project("{FAE04EC0-301F-11D3-BF4B-00C04F79EFBC}") = "Services", "Services\Services.csproj", "{A1DBA4D6-5C16-41F7-B6CE-71375636878B}"
EndProject
Project("{FAE04EC0-301F-11D3-BF4B-00C04F79EFBC}") = "Data", "Data\Data.csproj", "{A94EB6BA-9345-411F-AD19-D18C362506EB}"
EndProject
Global
	GlobalSection(SolutionConfigurationPlatforms) = preSolution
		Debug|Any CPU = Debug|Any CPU
		Release|Any CPU = Release|Any CPU
	EndGlobalSection
	GlobalSection(ProjectConfigurationPlatforms) = postSolution
		{4D6443E4-2726-460C-A586-2627DC0E841C}.Debug|Any CPU.ActiveCfg = Debug|Any CPU
		{4D6443E4-2726-460C-A586-2627DC0E841C}.Debug|Any CPU.Build.0 = Debug|Any CPU
		{4D6443E4-2726-460C-A586-2627DC0E841C}.Release|Any CPU.ActiveCfg = Release|Any CPU
		{4D6443E4-2726-460C-A586-2627DC0E841C}.Release|Any CPU.Build.0 = Release|Any CPU
		{A1DBA4D6-5C16-41F7-B6CE-71375636878B}.Debug|Any CPU.ActiveCfg = Debug|Any CPU
		{A1DBA4D6-5C16-41F7-B6CE-71375636878B}.Debug|Any CPU.Build.0 = Debug|Any CPU
		{A1DBA4D6-5C16-41F7-B6CE-71375636878B}.Release|Any CPU.ActiveCfg = Release|Any CPU
		{A1DBA4D6-5C16-41F7-B6CE-71375636878B}.Release|Any CPU.Build.0 = Release|Any CPU
		{A94EB6BA-9345-411F-AD19-D18C362506EB}.Debug|Any CPU.ActiveCfg = Debug|Any CPU
		{A94EB6BA-9345-411F-AD19-D18C362506EB}.Debug|Any CPU.Build.0 = Debug|Any CPU
		{A94EB6BA-9345-411F-AD19-D18C362506EB}.Release|Any CPU.ActiveCfg = Release|Any CPU
		{A94EB6BA-9345-411F-AD19-D18C362506EB}.Release|Any CPU.Build.0 = Release|Any CPU
	EndGlobalSection
	GlobalSection(SolutionProperties) = preSolution
		HideSolutionNode = FALSE
	EndGlobalSection
	GlobalSection(ExtensibilityGlobals) = postSolution
		SolutionGuid = {B4059755-A2C8-4642-8E3C-5787C8E1D046}
	EndGlobalSection
EndGlobal
